
Microsoft Visual Studio Solution File, Format Version 10.00
# Visual Studio 2008
Project("{8BC9CEB8-8B4A-11D0-8D11-00A0C91BC942}") = "gle", "gle\gle.vcproj", "{FD03B51C-4338-4CF6-98B3-B7F5DB9C7C65}"
EndProject
Global
	GlobalSection(SolutionConfigurationPlatforms) = preSolution
		Debug|Win32 = Debug|Win32
		Release|Win32 = Release|Win32
	EndGlobalSection
	GlobalSection(ProjectConfigurationPlatforms) = postSolution
		{FD03B51C-4338-4CF6-98B3-B7F5DB9C7C65}.Debug|Win32.ActiveCfg = Debug|Win32
		{FD03B51C-4338-4CF6-98B3-B7F5DB9C7C65}.Debug|Win32.Build.0 = Debug|Win32
		{FD03B51C-4338-4CF6-98B3-B7F5DB9C7C65}.Release|Win32.ActiveCfg = Release|Win32
		{FD03B51C-4338-4CF6-98B3-B7F5DB9C7C65}.Release|Win32.Build.0 = Release|Win32
	EndGlobalSection
	GlobalSection(SolutionProperties) = preSolution
		HideSolutionNode = FALSE
	EndGlobalSection
EndGlobal
